
Microsoft Visual Studio Solution File, Format Version 12.00
# Visual Studio Version 17
VisualStudioVersion = 17.12.35506.116
MinimumVisualStudioVersion = 10.0.40219.1
Project("{F184B08F-C81C-45F6-A57F-5ABD9991F28F}") = "1 - Primeira Classe", "1 - Primeira Classe\1 - Primeira Classe.vbproj", "{575603D0-CFEF-41FB-A3C5-169D71F1109B}"
EndProject
Project("{F184B08F-C81C-45F6-A57F-5ABD9991F28F}") = "2 - ByteBank", "2 - ByteBank\2 - ByteBank.vbproj", "{979A957A-7A8A-4DE2-B8B9-3EA91539620F}"
EndProject
Global
	GlobalSection(SolutionConfigurationPlatforms) = preSolution
		Debug|Any CPU = Debug|Any CPU
		Release|Any CPU = Release|Any CPU
	EndGlobalSection
	GlobalSection(ProjectConfigurationPlatforms) = postSolution
		{575603D0-CFEF-41FB-A3C5-169D71F1109B}.Debug|Any CPU.ActiveCfg = Debug|Any CPU
		{575603D0-CFEF-41FB-A3C5-169D71F1109B}.Debug|Any CPU.Build.0 = Debug|Any CPU
		{575603D0-CFEF-41FB-A3C5-169D71F1109B}.Release|Any CPU.ActiveCfg = Release|Any CPU
		{575603D0-CFEF-41FB-A3C5-169D71F1109B}.Release|Any CPU.Build.0 = Release|Any CPU
		{979A957A-7A8A-4DE2-B8B9-3EA91539620F}.Debug|Any CPU.ActiveCfg = Debug|Any CPU
		{979A957A-7A8A-4DE2-B8B9-3EA91539620F}.Debug|Any CPU.Build.0 = Debug|Any CPU
		{979A957A-7A8A-4DE2-B8B9-3EA91539620F}.Release|Any CPU.ActiveCfg = Release|Any CPU
		{979A957A-7A8A-4DE2-B8B9-3EA91539620F}.Release|Any CPU.Build.0 = Release|Any CPU
	EndGlobalSection
	GlobalSection(SolutionProperties) = preSolution
		HideSolutionNode = FALSE
	EndGlobalSection
EndGlobal
