
Microsoft Visual Studio Solution File, Format Version 12.00
# Visual Studio Version 17
VisualStudioVersion = 17.12.35514.174
MinimumVisualStudioVersion = 10.0.40219.1
Project("{F184B08F-C81C-45F6-A57F-5ABD9991F28F}") = "1 - Hello World", "Exercícios Exercism\1 - Hello World.vbproj", "{94B9E046-B98C-4CE9-8EDE-EB02F712C5DE}"
EndProject
Project("{F184B08F-C81C-45F6-A57F-5ABD9991F28F}") = "2 - Two Fer", "2 - Two Fer\2 - Two Fer.vbproj", "{1714FD6C-DA38-4E9F-A43D-1B32FC166821}"
EndProject
Project("{F184B08F-C81C-45F6-A57F-5ABD9991F28F}") = "3 - Reverse String", "3 - Reverse String\3 - Reverse String.vbproj", "{B31AFB10-D08D-4791-ABE5-589A3C4EEB68}"
EndProject
Project("{F184B08F-C81C-45F6-A57F-5ABD9991F28F}") = "4 - Allergies", "4 - Allergies\4 - Allergies.vbproj", "{E660CD1C-1ED5-4914-A40C-680C11371883}"
EndProject
Project("{F184B08F-C81C-45F6-A57F-5ABD9991F28F}") = "5 - Anagram", "5 - Anagram\5 - Anagram.vbproj", "{73DBEB7B-363C-44E3-B4C4-4168D498A347}"
EndProject
Project("{F184B08F-C81C-45F6-A57F-5ABD9991F28F}") = "6 - Accumulate", "6 - Accumulate\6 - Accumulate.vbproj", "{3B9BE6F4-8385-47F8-B568-A264F0105DD4}"
EndProject
Project("{F184B08F-C81C-45F6-A57F-5ABD9991F28F}") = "7 - Atbash Cipher", "7 - Atbash Cipher\7 - Atbash Cipher.vbproj", "{8BD70756-A538-417F-B58E-A61925BA0C4D}"
EndProject
Project("{F184B08F-C81C-45F6-A57F-5ABD9991F28F}") = "8 - Binary", "8 - Binary\8 - Binary.vbproj", "{C8E1DEED-54BC-44C7-99E6-01915342390A}"
EndProject
Project("{F184B08F-C81C-45F6-A57F-5ABD9991F28F}") = "9 - Bob", "9 - Bob\9 - Bob.vbproj", "{659149C9-1DD0-4285-ABDB-1CEF9E961919}"
EndProject
Project("{F184B08F-C81C-45F6-A57F-5ABD9991F28F}") = "10 - Crypto Square", "10 - Crypto Square\10 - Crypto Square.vbproj", "{4546AE79-69D1-478E-AADB-580BE14CCCC6}"
EndProject
Project("{F184B08F-C81C-45F6-A57F-5ABD9991F28F}") = "11 - Leap", "11 - Leap\11 - Leap.vbproj", "{12A80D03-658E-498A-A9F8-A8CFE5DEA086}"
EndProject
Project("{F184B08F-C81C-45F6-A57F-5ABD9991F28F}") = "12 - Collatz Conjecture", "12 - Collatz Conjecture\12 - Collatz Conjecture.vbproj", "{49593279-C77D-4807-BFB2-5F20BD5F7581}"
EndProject
Project("{F184B08F-C81C-45F6-A57F-5ABD9991F28F}") = "13 - All Your Base", "13 - All Your Base\13 - All Your Base.vbproj", "{9FC6B5A6-E3DA-4057-BB9A-A8960EAF663D}"
EndProject
Project("{F184B08F-C81C-45F6-A57F-5ABD9991F28F}") = "14 - Resistor Color", "14 - Resistor Color\14 - Resistor Color.vbproj", "{94887F97-4D51-4833-A4A6-F11DB225BB60}"
EndProject
Project("{F184B08F-C81C-45F6-A57F-5ABD9991F28F}") = "15 - Clock", "15 - Clock\15 - Clock.vbproj", "{4383A5AB-2DD3-43C4-9832-386F618B0A0C}"
EndProject
Project("{F184B08F-C81C-45F6-A57F-5ABD9991F28F}") = "16 - Hamming", "16 - Hamming\16 - Hamming.vbproj", "{406591C0-3885-4A6E-98A7-9D365B804709}"
EndProject
Project("{F184B08F-C81C-45F6-A57F-5ABD9991F28F}") = "17 - Phone Number", "17 - Phone Number\17 - Phone Number.vbproj", "{6C77A9D1-2CF1-4E6B-A57A-0433FCC7A35D}"
EndProject
Project("{F184B08F-C81C-45F6-A57F-5ABD9991F28F}") = "18 - High Scores", "18 - High Scores\18 - High Scores.vbproj", "{2A55328F-EB6E-45FC-B72D-1F8D4FF03675}"
EndProject
Project("{F184B08F-C81C-45F6-A57F-5ABD9991F28F}") = "19 - Matching Brackets", "19 - Matching Brackets\19 - Matching Brackets.vbproj", "{B9FD6C0A-D8EB-4313-8112-84C91EB6EB69}"
EndProject
Project("{F184B08F-C81C-45F6-A57F-5ABD9991F28F}") = "20 - Perfect Numbers", "20 - Perfect Numbers\20 - Perfect Numbers.vbproj", "{07EE10D1-987E-4552-BC79-4ABCF9E02849}"
EndProject
Project("{F184B08F-C81C-45F6-A57F-5ABD9991F28F}") = "21 - Wordy", "21 - Wordy\21 - Wordy.vbproj", "{5D0E11CE-1F61-430D-B72B-92C8162D313D}"
EndProject
Project("{F184B08F-C81C-45F6-A57F-5ABD9991F28F}") = "22 - Gigasecond", "22 - Gigasecond\22 - Gigasecond.vbproj", "{FB57ED23-064C-49D8-8A98-1881943C6E4E}"
EndProject
Project("{F184B08F-C81C-45F6-A57F-5ABD9991F28F}") = "23 - House", "23 - House\23 - House.vbproj", "{1C12F8A8-150E-4C71-BFC0-3593ADA766B3}"
EndProject
Project("{F184B08F-C81C-45F6-A57F-5ABD9991F28F}") = "24 - Spiral Matrix", "24 - Spiral Matrix\24 - Spiral Matrix.vbproj", "{09B8F440-59CB-41D9-AAF8-81633BF762D8}"
EndProject
Project("{F184B08F-C81C-45F6-A57F-5ABD9991F28F}") = "25 - Series", "25 - Series\25 - Series.vbproj", "{F91EC2E3-BDE9-4FEE-894D-8CAFF62EB3D6}"
EndProject
Project("{F184B08F-C81C-45F6-A57F-5ABD9991F28F}") = "26 - Word Count", "26 - Word Count\26 - Word Count.vbproj", "{BA413946-CF14-40AA-8734-A472B8B2503B}"
EndProject
Project("{F184B08F-C81C-45F6-A57F-5ABD9991F28F}") = "27 - Sum of Multiples", "27 - Sum of Multiples\27 - Sum of Multiples.vbproj", "{6DF4E6F2-0A91-4566-80D9-AF648E84A27F}"
EndProject
Project("{F184B08F-C81C-45F6-A57F-5ABD9991F28F}") = "28 - Secret Handshake", "28 - Secret Handshake\28 - Secret Handshake.vbproj", "{A1DFD472-7570-44AA-BF19-7DF01B2210A2}"
EndProject
Project("{F184B08F-C81C-45F6-A57F-5ABD9991F28F}") = "29 - Scrabble Score", "29 - Scrabble Score\29 - Scrabble Score.vbproj", "{7D46A31C-4C32-41BA-9429-2649B2261DAE}"
EndProject
Project("{F184B08F-C81C-45F6-A57F-5ABD9991F28F}") = "30 - Sieve", "30 - Sieve\30 - Sieve.vbproj", "{85AD928C-1730-4511-B51B-837A4F537167}"
EndProject
Project("{F184B08F-C81C-45F6-A57F-5ABD9991F28F}") = "31  - Saddle Points", "31  - Saddle Points\31  - Saddle Points.vbproj", "{159E3FF7-32AC-4E4C-B551-36883BB3D3B2}"
EndProject
Project("{F184B08F-C81C-45F6-A57F-5ABD9991F28F}") = "32 - Run Lenght Encoding", "32 - Run Lenght Encoding\32 - Run Lenght Encoding.vbproj", "{35C7DE5B-0ED3-4661-89D5-624D480D1E8B}"
EndProject
Project("{F184B08F-C81C-45F6-A57F-5ABD9991F28F}") = "33 - Rotational Cipher", "33 - Rotational Cipher\33 - Rotational Cipher.vbproj", "{90BA0908-279A-4FE9-AEBB-0832DDC5F585}"
EndProject
Project("{F184B08F-C81C-45F6-A57F-5ABD9991F28F}") = "34 - Raindrops", "34 - Raindrops\34 - Raindrops.vbproj", "{4FA9A3FA-9D1C-4ED6-9173-4CA60DCA6E36}"
EndProject
Project("{F184B08F-C81C-45F6-A57F-5ABD9991F28F}") = "35 - Rail Fence Cipher", "35 - Rail Fence Cipher\35 - Rail Fence Cipher.vbproj", "{D895E055-20E9-41F3-9FBE-C0922C796EA0}"
EndProject
Project("{F184B08F-C81C-45F6-A57F-5ABD9991F28F}") = "36 - Pythagoeran Triplet", "36 - Pythagoeran Triplet\36 - Pythagoeran Triplet.vbproj", "{DB58F197-2AF3-44C2-A231-1EEF19FA4815}"
EndProject
Project("{F184B08F-C81C-45F6-A57F-5ABD9991F28F}") = "37 - Proverb", "37 - Proverb\37 - Proverb.vbproj", "{BF8A186A-4E12-4454-A042-F38FCD08E76C}"
EndProject
Project("{F184B08F-C81C-45F6-A57F-5ABD9991F28F}") = "38 - Protein Translation", "38 - Protein Translation\38 - Protein Translation.vbproj", "{616A3425-4A37-47FB-8DDE-99F07275397A}"
EndProject
Project("{F184B08F-C81C-45F6-A57F-5ABD9991F28F}") = "39 - Prime Factors", "39 - Prime Factors\39 - Prime Factors.vbproj", "{6F63C39E-7645-4591-A381-07F6E9F855A1}"
EndProject
Project("{F184B08F-C81C-45F6-A57F-5ABD9991F28F}") = "40 - Pig Latin", "40 - Pig Latin\40 - Pig Latin.vbproj", "{40B91E45-DD1B-4ACA-9AC9-44300A0D2CC0}"
EndProject
Project("{F184B08F-C81C-45F6-A57F-5ABD9991F28F}") = "41 - Parallel Letter Frequency", "41 - Parallel Letter Frequency\41 - Parallel Letter Frequency.vbproj", "{FF5FB2EC-878C-4938-BEFE-20126B95A451}"
EndProject
Project("{F184B08F-C81C-45F6-A57F-5ABD9991F28F}") = "42 - Pangram", "42 - Pangram\42 - Pangram.vbproj", "{5AEB7531-2AC7-41C7-991C-7E592E2AA0EF}"
EndProject
Project("{F184B08F-C81C-45F6-A57F-5ABD9991F28F}") = "43 - OCR Numbers", "43 - OCR Numbers\43 - OCR Numbers.vbproj", "{F74303BB-613B-4046-A1FB-F1D2E9366809}"
EndProject
Project("{F184B08F-C81C-45F6-A57F-5ABD9991F28F}") = "44 - Nucleotide Count", "44 - Nucleotide Count\44 - Nucleotide Count.vbproj", "{9E1CBE8D-A746-4F26-91F6-A7DB09594E28}"
EndProject
Project("{F184B08F-C81C-45F6-A57F-5ABD9991F28F}") = "45 - Minesweeper", "45 - Minesweeper\45 - Minesweeper.vbproj", "{3EC2E120-F153-43E7-9B02-9D7F855828AF}"
EndProject
Project("{F184B08F-C81C-45F6-A57F-5ABD9991F28F}") = "46 - Meetup", "46 - Meetup\46 - Meetup.vbproj", "{9FF97D52-C864-4D04-A5A1-E1717EE7109F}"
EndProject
Project("{F184B08F-C81C-45F6-A57F-5ABD9991F28F}") = "47 - Matrix", "47 - Matrix\47 - Matrix.vbproj", "{A034D5A2-E3F6-468E-87E0-A3128FFE58A0}"
EndProject
Project("{F184B08F-C81C-45F6-A57F-5ABD9991F28F}") = "48 - Luhn", "48 - Luhn\48 - Luhn.vbproj", "{88F95809-2964-4E2A-AB61-A4108CAF0C8B}"
EndProject
Project("{F184B08F-C81C-45F6-A57F-5ABD9991F28F}") = "49 - Variable Lenght Quantity", "49 - Variable Lenght Quantity\49 - Variable Lenght Quantity.vbproj", "{E5D9D11B-3787-4644-8733-F8CCF57B4D61}"
EndProject
Project("{F184B08F-C81C-45F6-A57F-5ABD9991F28F}") = "50 - Space Age", "50 - Space Age\50 - Space Age.vbproj", "{6CB5D5AB-A46C-4ED5-81EA-505641B955FE}"
EndProject
Project("{F184B08F-C81C-45F6-A57F-5ABD9991F28F}") = "51 - RNA Transcription", "51 - RNA Transcription\51 - RNA Transcription.vbproj", "{3330B278-1A5B-430E-A77C-1F93C1B2C8C5}"
EndProject
Project("{F184B08F-C81C-45F6-A57F-5ABD9991F28F}") = "52 - Resistor Color Duo", "52 - Resistor Color Duo\52 - Resistor Color Duo.vbproj", "{E16DDCDB-14D4-4C1C-9F3C-E6F5770AB0D1}"
EndProject
Project("{F184B08F-C81C-45F6-A57F-5ABD9991F28F}") = "53 - Rectangles", "53 - Rectangles\53 - Rectangles.vbproj", "{42E092D1-67BD-4222-B4B5-B1B30A78BCFA}"
EndProject
Project("{F184B08F-C81C-45F6-A57F-5ABD9991F28F}") = "54 - List Ops", "54 - List Ops\54 - List Ops.vbproj", "{36FB6FF9-339B-4166-92B4-A9F9E59ED264}"
EndProject
Project("{F184B08F-C81C-45F6-A57F-5ABD9991F28F}") = "55 - Linked List", "55 - Linked List\55 - Linked List.vbproj", "{1975B7C0-B7FA-4A92-9458-A5DC8530C326}"
EndProject
Project("{F184B08F-C81C-45F6-A57F-5ABD9991F28F}") = "56 - Ledger", "56 - Ledger\56 - Ledger.vbproj", "{583D74A1-E134-4328-BB8A-3DAB756E17A3}"
EndProject
Project("{F184B08F-C81C-45F6-A57F-5ABD9991F28F}") = "57 - Largest Series Product", "57 - Largest Series Product\57 - Largest Series Product.vbproj", "{34C67487-BA17-44CC-91E8-546B2978C064}"
EndProject
Project("{F184B08F-C81C-45F6-A57F-5ABD9991F28F}") = "58 - Isogram", "58 - Isogram\58 - Isogram.vbproj", "{A596FE7C-81CD-454B-BF5F-798D71459786}"
EndProject
Project("{F184B08F-C81C-45F6-A57F-5ABD9991F28F}") = "59 - Grep", "59 - Grep\59 - Grep.vbproj", "{10269351-2288-4EC6-8CD7-22A73FFF6FDE}"
EndProject
Project("{F184B08F-C81C-45F6-A57F-5ABD9991F28F}") = "60 - Grains", "60 - Grains\60 - Grains.vbproj", "{02EB1EC5-1C65-496E-9CEE-A08467DF3A52}"
EndProject
Project("{F184B08F-C81C-45F6-A57F-5ABD9991F28F}") = "61 - Food Chain", "61 - Food Chain\61 - Food Chain.vbproj", "{2D3754A0-45C8-4391-805A-D43288741A6A}"
EndProject
Project("{F184B08F-C81C-45F6-A57F-5ABD9991F28F}") = "62 - Flatten Array", "62 - Flatten Array\62 - Flatten Array.vbproj", "{82BE0F3F-0A3F-4B16-9CC0-56ADC6673857}"
EndProject
Project("{F184B08F-C81C-45F6-A57F-5ABD9991F28F}") = "63 - ETL", "63 - ETL\63 - ETL.vbproj", "{C3AF655C-BCBB-4A59-A837-93FE31668BA2}"
EndProject
Project("{F184B08F-C81C-45F6-A57F-5ABD9991F28F}") = "64 - Acronym", "64 - Acronym\64 - Acronym.vbproj", "{26D481A6-BBC8-45F5-BEEB-4B560997AC65}"
EndProject
Project("{F184B08F-C81C-45F6-A57F-5ABD9991F28F}") = "65 - Bank Account", "65 - Bank Account\65 - Bank Account.vbproj", "{64F1FF0E-A231-4B09-8C20-48E4EE908512}"
EndProject
Project("{F184B08F-C81C-45F6-A57F-5ABD9991F28F}") = "66 - Beer Song", "66 - Beer Song\66 - Beer Song.vbproj", "{AF91E450-6D44-473D-952F-0444E0AC5ADD}"
EndProject
Project("{F184B08F-C81C-45F6-A57F-5ABD9991F28F}") = "67 - Book Store", "67 - Book Store\67 - Book Store.vbproj", "{249BED3A-E1E3-47E4-A4EF-CF84922CF0E3}"
EndProject
Project("{F184B08F-C81C-45F6-A57F-5ABD9991F28F}") = "68 - Bowling", "68 - Bowling\68 - Bowling.vbproj", "{4A3626DC-0C32-4A94-9A15-FB36FBF88E79}"
EndProject
Project("{F184B08F-C81C-45F6-A57F-5ABD9991F28F}") = "69 - Difference of Squares", "69 - Difference of Squares\69 - Difference of Squares.vbproj", "{D3E640EB-2719-4354-98D5-09ADEF1B0B95}"
EndProject
Project("{F184B08F-C81C-45F6-A57F-5ABD9991F28F}") = "70 - Darts", "70 - Darts\70 - Darts.vbproj", "{581ADE5C-BC67-408D-BBA5-2B2E30379510}"
EndProject
Global
	GlobalSection(SolutionConfigurationPlatforms) = preSolution
		Debug|Any CPU = Debug|Any CPU
		Release|Any CPU = Release|Any CPU
	EndGlobalSection
	GlobalSection(ProjectConfigurationPlatforms) = postSolution
		{94B9E046-B98C-4CE9-8EDE-EB02F712C5DE}.Debug|Any CPU.ActiveCfg = Debug|Any CPU
		{94B9E046-B98C-4CE9-8EDE-EB02F712C5DE}.Debug|Any CPU.Build.0 = Debug|Any CPU
		{94B9E046-B98C-4CE9-8EDE-EB02F712C5DE}.Release|Any CPU.ActiveCfg = Release|Any CPU
		{94B9E046-B98C-4CE9-8EDE-EB02F712C5DE}.Release|Any CPU.Build.0 = Release|Any CPU
		{1714FD6C-DA38-4E9F-A43D-1B32FC166821}.Debug|Any CPU.ActiveCfg = Debug|Any CPU
		{1714FD6C-DA38-4E9F-A43D-1B32FC166821}.Debug|Any CPU.Build.0 = Debug|Any CPU
		{1714FD6C-DA38-4E9F-A43D-1B32FC166821}.Release|Any CPU.ActiveCfg = Release|Any CPU
		{1714FD6C-DA38-4E9F-A43D-1B32FC166821}.Release|Any CPU.Build.0 = Release|Any CPU
		{B31AFB10-D08D-4791-ABE5-589A3C4EEB68}.Debug|Any CPU.ActiveCfg = Debug|Any CPU
		{B31AFB10-D08D-4791-ABE5-589A3C4EEB68}.Debug|Any CPU.Build.0 = Debug|Any CPU
		{B31AFB10-D08D-4791-ABE5-589A3C4EEB68}.Release|Any CPU.ActiveCfg = Release|Any CPU
		{B31AFB10-D08D-4791-ABE5-589A3C4EEB68}.Release|Any CPU.Build.0 = Release|Any CPU
		{E660CD1C-1ED5-4914-A40C-680C11371883}.Debug|Any CPU.ActiveCfg = Debug|Any CPU
		{E660CD1C-1ED5-4914-A40C-680C11371883}.Debug|Any CPU.Build.0 = Debug|Any CPU
		{E660CD1C-1ED5-4914-A40C-680C11371883}.Release|Any CPU.ActiveCfg = Release|Any CPU
		{E660CD1C-1ED5-4914-A40C-680C11371883}.Release|Any CPU.Build.0 = Release|Any CPU
		{73DBEB7B-363C-44E3-B4C4-4168D498A347}.Debug|Any CPU.ActiveCfg = Debug|Any CPU
		{73DBEB7B-363C-44E3-B4C4-4168D498A347}.Debug|Any CPU.Build.0 = Debug|Any CPU
		{73DBEB7B-363C-44E3-B4C4-4168D498A347}.Release|Any CPU.ActiveCfg = Release|Any CPU
		{73DBEB7B-363C-44E3-B4C4-4168D498A347}.Release|Any CPU.Build.0 = Release|Any CPU
		{3B9BE6F4-8385-47F8-B568-A264F0105DD4}.Debug|Any CPU.ActiveCfg = Debug|Any CPU
		{3B9BE6F4-8385-47F8-B568-A264F0105DD4}.Debug|Any CPU.Build.0 = Debug|Any CPU
		{3B9BE6F4-8385-47F8-B568-A264F0105DD4}.Release|Any CPU.ActiveCfg = Release|Any CPU
		{3B9BE6F4-8385-47F8-B568-A264F0105DD4}.Release|Any CPU.Build.0 = Release|Any CPU
		{8BD70756-A538-417F-B58E-A61925BA0C4D}.Debug|Any CPU.ActiveCfg = Debug|Any CPU
		{8BD70756-A538-417F-B58E-A61925BA0C4D}.Debug|Any CPU.Build.0 = Debug|Any CPU
		{8BD70756-A538-417F-B58E-A61925BA0C4D}.Release|Any CPU.ActiveCfg = Release|Any CPU
		{8BD70756-A538-417F-B58E-A61925BA0C4D}.Release|Any CPU.Build.0 = Release|Any CPU
		{C8E1DEED-54BC-44C7-99E6-01915342390A}.Debug|Any CPU.ActiveCfg = Debug|Any CPU
		{C8E1DEED-54BC-44C7-99E6-01915342390A}.Debug|Any CPU.Build.0 = Debug|Any CPU
		{C8E1DEED-54BC-44C7-99E6-01915342390A}.Release|Any CPU.ActiveCfg = Release|Any CPU
		{C8E1DEED-54BC-44C7-99E6-01915342390A}.Release|Any CPU.Build.0 = Release|Any CPU
		{659149C9-1DD0-4285-ABDB-1CEF9E961919}.Debug|Any CPU.ActiveCfg = Debug|Any CPU
		{659149C9-1DD0-4285-ABDB-1CEF9E961919}.Debug|Any CPU.Build.0 = Debug|Any CPU
		{659149C9-1DD0-4285-ABDB-1CEF9E961919}.Release|Any CPU.ActiveCfg = Release|Any CPU
		{659149C9-1DD0-4285-ABDB-1CEF9E961919}.Release|Any CPU.Build.0 = Release|Any CPU
		{4546AE79-69D1-478E-AADB-580BE14CCCC6}.Debug|Any CPU.ActiveCfg = Debug|Any CPU
		{4546AE79-69D1-478E-AADB-580BE14CCCC6}.Debug|Any CPU.Build.0 = Debug|Any CPU
		{4546AE79-69D1-478E-AADB-580BE14CCCC6}.Release|Any CPU.ActiveCfg = Release|Any CPU
		{4546AE79-69D1-478E-AADB-580BE14CCCC6}.Release|Any CPU.Build.0 = Release|Any CPU
		{12A80D03-658E-498A-A9F8-A8CFE5DEA086}.Debug|Any CPU.ActiveCfg = Debug|Any CPU
		{12A80D03-658E-498A-A9F8-A8CFE5DEA086}.Debug|Any CPU.Build.0 = Debug|Any CPU
		{12A80D03-658E-498A-A9F8-A8CFE5DEA086}.Release|Any CPU.ActiveCfg = Release|Any CPU
		{12A80D03-658E-498A-A9F8-A8CFE5DEA086}.Release|Any CPU.Build.0 = Release|Any CPU
		{49593279-C77D-4807-BFB2-5F20BD5F7581}.Debug|Any CPU.ActiveCfg = Debug|Any CPU
		{49593279-C77D-4807-BFB2-5F20BD5F7581}.Debug|Any CPU.Build.0 = Debug|Any CPU
		{49593279-C77D-4807-BFB2-5F20BD5F7581}.Release|Any CPU.ActiveCfg = Release|Any CPU
		{49593279-C77D-4807-BFB2-5F20BD5F7581}.Release|Any CPU.Build.0 = Release|Any CPU
		{9FC6B5A6-E3DA-4057-BB9A-A8960EAF663D}.Debug|Any CPU.ActiveCfg = Debug|Any CPU
		{9FC6B5A6-E3DA-4057-BB9A-A8960EAF663D}.Debug|Any CPU.Build.0 = Debug|Any CPU
		{9FC6B5A6-E3DA-4057-BB9A-A8960EAF663D}.Release|Any CPU.ActiveCfg = Release|Any CPU
		{9FC6B5A6-E3DA-4057-BB9A-A8960EAF663D}.Release|Any CPU.Build.0 = Release|Any CPU
		{94887F97-4D51-4833-A4A6-F11DB225BB60}.Debug|Any CPU.ActiveCfg = Debug|Any CPU
		{94887F97-4D51-4833-A4A6-F11DB225BB60}.Debug|Any CPU.Build.0 = Debug|Any CPU
		{94887F97-4D51-4833-A4A6-F11DB225BB60}.Release|Any CPU.ActiveCfg = Release|Any CPU
		{94887F97-4D51-4833-A4A6-F11DB225BB60}.Release|Any CPU.Build.0 = Release|Any CPU
		{4383A5AB-2DD3-43C4-9832-386F618B0A0C}.Debug|Any CPU.ActiveCfg = Debug|Any CPU
		{4383A5AB-2DD3-43C4-9832-386F618B0A0C}.Debug|Any CPU.Build.0 = Debug|Any CPU
		{4383A5AB-2DD3-43C4-9832-386F618B0A0C}.Release|Any CPU.ActiveCfg = Release|Any CPU
		{4383A5AB-2DD3-43C4-9832-386F618B0A0C}.Release|Any CPU.Build.0 = Release|Any CPU
		{406591C0-3885-4A6E-98A7-9D365B804709}.Debug|Any CPU.ActiveCfg = Debug|Any CPU
		{406591C0-3885-4A6E-98A7-9D365B804709}.Debug|Any CPU.Build.0 = Debug|Any CPU
		{406591C0-3885-4A6E-98A7-9D365B804709}.Release|Any CPU.ActiveCfg = Release|Any CPU
		{406591C0-3885-4A6E-98A7-9D365B804709}.Release|Any CPU.Build.0 = Release|Any CPU
		{6C77A9D1-2CF1-4E6B-A57A-0433FCC7A35D}.Debug|Any CPU.ActiveCfg = Debug|Any CPU
		{6C77A9D1-2CF1-4E6B-A57A-0433FCC7A35D}.Debug|Any CPU.Build.0 = Debug|Any CPU
		{6C77A9D1-2CF1-4E6B-A57A-0433FCC7A35D}.Release|Any CPU.ActiveCfg = Release|Any CPU
		{6C77A9D1-2CF1-4E6B-A57A-0433FCC7A35D}.Release|Any CPU.Build.0 = Release|Any CPU
		{2A55328F-EB6E-45FC-B72D-1F8D4FF03675}.Debug|Any CPU.ActiveCfg = Debug|Any CPU
		{2A55328F-EB6E-45FC-B72D-1F8D4FF03675}.Debug|Any CPU.Build.0 = Debug|Any CPU
		{2A55328F-EB6E-45FC-B72D-1F8D4FF03675}.Release|Any CPU.ActiveCfg = Release|Any CPU
		{2A55328F-EB6E-45FC-B72D-1F8D4FF03675}.Release|Any CPU.Build.0 = Release|Any CPU
		{B9FD6C0A-D8EB-4313-8112-84C91EB6EB69}.Debug|Any CPU.ActiveCfg = Debug|Any CPU
		{B9FD6C0A-D8EB-4313-8112-84C91EB6EB69}.Debug|Any CPU.Build.0 = Debug|Any CPU
		{B9FD6C0A-D8EB-4313-8112-84C91EB6EB69}.Release|Any CPU.ActiveCfg = Release|Any CPU
		{B9FD6C0A-D8EB-4313-8112-84C91EB6EB69}.Release|Any CPU.Build.0 = Release|Any CPU
		{07EE10D1-987E-4552-BC79-4ABCF9E02849}.Debug|Any CPU.ActiveCfg = Debug|Any CPU
		{07EE10D1-987E-4552-BC79-4ABCF9E02849}.Debug|Any CPU.Build.0 = Debug|Any CPU
		{07EE10D1-987E-4552-BC79-4ABCF9E02849}.Release|Any CPU.ActiveCfg = Release|Any CPU
		{07EE10D1-987E-4552-BC79-4ABCF9E02849}.Release|Any CPU.Build.0 = Release|Any CPU
		{5D0E11CE-1F61-430D-B72B-92C8162D313D}.Debug|Any CPU.ActiveCfg = Debug|Any CPU
		{5D0E11CE-1F61-430D-B72B-92C8162D313D}.Debug|Any CPU.Build.0 = Debug|Any CPU
		{5D0E11CE-1F61-430D-B72B-92C8162D313D}.Release|Any CPU.ActiveCfg = Release|Any CPU
		{5D0E11CE-1F61-430D-B72B-92C8162D313D}.Release|Any CPU.Build.0 = Release|Any CPU
		{FB57ED23-064C-49D8-8A98-1881943C6E4E}.Debug|Any CPU.ActiveCfg = Debug|Any CPU
		{FB57ED23-064C-49D8-8A98-1881943C6E4E}.Debug|Any CPU.Build.0 = Debug|Any CPU
		{FB57ED23-064C-49D8-8A98-1881943C6E4E}.Release|Any CPU.ActiveCfg = Release|Any CPU
		{FB57ED23-064C-49D8-8A98-1881943C6E4E}.Release|Any CPU.Build.0 = Release|Any CPU
		{1C12F8A8-150E-4C71-BFC0-3593ADA766B3}.Debug|Any CPU.ActiveCfg = Debug|Any CPU
		{1C12F8A8-150E-4C71-BFC0-3593ADA766B3}.Debug|Any CPU.Build.0 = Debug|Any CPU
		{1C12F8A8-150E-4C71-BFC0-3593ADA766B3}.Release|Any CPU.ActiveCfg = Release|Any CPU
		{1C12F8A8-150E-4C71-BFC0-3593ADA766B3}.Release|Any CPU.Build.0 = Release|Any CPU
		{09B8F440-59CB-41D9-AAF8-81633BF762D8}.Debug|Any CPU.ActiveCfg = Debug|Any CPU
		{09B8F440-59CB-41D9-AAF8-81633BF762D8}.Debug|Any CPU.Build.0 = Debug|Any CPU
		{09B8F440-59CB-41D9-AAF8-81633BF762D8}.Release|Any CPU.ActiveCfg = Release|Any CPU
		{09B8F440-59CB-41D9-AAF8-81633BF762D8}.Release|Any CPU.Build.0 = Release|Any CPU
		{F91EC2E3-BDE9-4FEE-894D-8CAFF62EB3D6}.Debug|Any CPU.ActiveCfg = Debug|Any CPU
		{F91EC2E3-BDE9-4FEE-894D-8CAFF62EB3D6}.Debug|Any CPU.Build.0 = Debug|Any CPU
		{F91EC2E3-BDE9-4FEE-894D-8CAFF62EB3D6}.Release|Any CPU.ActiveCfg = Release|Any CPU
		{F91EC2E3-BDE9-4FEE-894D-8CAFF62EB3D6}.Release|Any CPU.Build.0 = Release|Any CPU
		{BA413946-CF14-40AA-8734-A472B8B2503B}.Debug|Any CPU.ActiveCfg = Debug|Any CPU
		{BA413946-CF14-40AA-8734-A472B8B2503B}.Debug|Any CPU.Build.0 = Debug|Any CPU
		{BA413946-CF14-40AA-8734-A472B8B2503B}.Release|Any CPU.ActiveCfg = Release|Any CPU
		{BA413946-CF14-40AA-8734-A472B8B2503B}.Release|Any CPU.Build.0 = Release|Any CPU
		{6DF4E6F2-0A91-4566-80D9-AF648E84A27F}.Debug|Any CPU.ActiveCfg = Debug|Any CPU
		{6DF4E6F2-0A91-4566-80D9-AF648E84A27F}.Debug|Any CPU.Build.0 = Debug|Any CPU
		{6DF4E6F2-0A91-4566-80D9-AF648E84A27F}.Release|Any CPU.ActiveCfg = Release|Any CPU
		{6DF4E6F2-0A91-4566-80D9-AF648E84A27F}.Release|Any CPU.Build.0 = Release|Any CPU
		{A1DFD472-7570-44AA-BF19-7DF01B2210A2}.Debug|Any CPU.ActiveCfg = Debug|Any CPU
		{A1DFD472-7570-44AA-BF19-7DF01B2210A2}.Debug|Any CPU.Build.0 = Debug|Any CPU
		{A1DFD472-7570-44AA-BF19-7DF01B2210A2}.Release|Any CPU.ActiveCfg = Release|Any CPU
		{A1DFD472-7570-44AA-BF19-7DF01B2210A2}.Release|Any CPU.Build.0 = Release|Any CPU
		{7D46A31C-4C32-41BA-9429-2649B2261DAE}.Debug|Any CPU.ActiveCfg = Debug|Any CPU
		{7D46A31C-4C32-41BA-9429-2649B2261DAE}.Debug|Any CPU.Build.0 = Debug|Any CPU
		{7D46A31C-4C32-41BA-9429-2649B2261DAE}.Release|Any CPU.ActiveCfg = Release|Any CPU
		{7D46A31C-4C32-41BA-9429-2649B2261DAE}.Release|Any CPU.Build.0 = Release|Any CPU
		{85AD928C-1730-4511-B51B-837A4F537167}.Debug|Any CPU.ActiveCfg = Debug|Any CPU
		{85AD928C-1730-4511-B51B-837A4F537167}.Debug|Any CPU.Build.0 = Debug|Any CPU
		{85AD928C-1730-4511-B51B-837A4F537167}.Release|Any CPU.ActiveCfg = Release|Any CPU
		{85AD928C-1730-4511-B51B-837A4F537167}.Release|Any CPU.Build.0 = Release|Any CPU
		{159E3FF7-32AC-4E4C-B551-36883BB3D3B2}.Debug|Any CPU.ActiveCfg = Debug|Any CPU
		{159E3FF7-32AC-4E4C-B551-36883BB3D3B2}.Debug|Any CPU.Build.0 = Debug|Any CPU
		{159E3FF7-32AC-4E4C-B551-36883BB3D3B2}.Release|Any CPU.ActiveCfg = Release|Any CPU
		{159E3FF7-32AC-4E4C-B551-36883BB3D3B2}.Release|Any CPU.Build.0 = Release|Any CPU
		{35C7DE5B-0ED3-4661-89D5-624D480D1E8B}.Debug|Any CPU.ActiveCfg = Debug|Any CPU
		{35C7DE5B-0ED3-4661-89D5-624D480D1E8B}.Debug|Any CPU.Build.0 = Debug|Any CPU
		{35C7DE5B-0ED3-4661-89D5-624D480D1E8B}.Release|Any CPU.ActiveCfg = Release|Any CPU
		{35C7DE5B-0ED3-4661-89D5-624D480D1E8B}.Release|Any CPU.Build.0 = Release|Any CPU
		{90BA0908-279A-4FE9-AEBB-0832DDC5F585}.Debug|Any CPU.ActiveCfg = Debug|Any CPU
		{90BA0908-279A-4FE9-AEBB-0832DDC5F585}.Debug|Any CPU.Build.0 = Debug|Any CPU
		{90BA0908-279A-4FE9-AEBB-0832DDC5F585}.Release|Any CPU.ActiveCfg = Release|Any CPU
		{90BA0908-279A-4FE9-AEBB-0832DDC5F585}.Release|Any CPU.Build.0 = Release|Any CPU
		{4FA9A3FA-9D1C-4ED6-9173-4CA60DCA6E36}.Debug|Any CPU.ActiveCfg = Debug|Any CPU
		{4FA9A3FA-9D1C-4ED6-9173-4CA60DCA6E36}.Debug|Any CPU.Build.0 = Debug|Any CPU
		{4FA9A3FA-9D1C-4ED6-9173-4CA60DCA6E36}.Release|Any CPU.ActiveCfg = Release|Any CPU
		{4FA9A3FA-9D1C-4ED6-9173-4CA60DCA6E36}.Release|Any CPU.Build.0 = Release|Any CPU
		{D895E055-20E9-41F3-9FBE-C0922C796EA0}.Debug|Any CPU.ActiveCfg = Debug|Any CPU
		{D895E055-20E9-41F3-9FBE-C0922C796EA0}.Debug|Any CPU.Build.0 = Debug|Any CPU
		{D895E055-20E9-41F3-9FBE-C0922C796EA0}.Release|Any CPU.ActiveCfg = Release|Any CPU
		{D895E055-20E9-41F3-9FBE-C0922C796EA0}.Release|Any CPU.Build.0 = Release|Any CPU
		{DB58F197-2AF3-44C2-A231-1EEF19FA4815}.Debug|Any CPU.ActiveCfg = Debug|Any CPU
		{DB58F197-2AF3-44C2-A231-1EEF19FA4815}.Debug|Any CPU.Build.0 = Debug|Any CPU
		{DB58F197-2AF3-44C2-A231-1EEF19FA4815}.Release|Any CPU.ActiveCfg = Release|Any CPU
		{DB58F197-2AF3-44C2-A231-1EEF19FA4815}.Release|Any CPU.Build.0 = Release|Any CPU
		{BF8A186A-4E12-4454-A042-F38FCD08E76C}.Debug|Any CPU.ActiveCfg = Debug|Any CPU
		{BF8A186A-4E12-4454-A042-F38FCD08E76C}.Debug|Any CPU.Build.0 = Debug|Any CPU
		{BF8A186A-4E12-4454-A042-F38FCD08E76C}.Release|Any CPU.ActiveCfg = Release|Any CPU
		{BF8A186A-4E12-4454-A042-F38FCD08E76C}.Release|Any CPU.Build.0 = Release|Any CPU
		{616A3425-4A37-47FB-8DDE-99F07275397A}.Debug|Any CPU.ActiveCfg = Debug|Any CPU
		{616A3425-4A37-47FB-8DDE-99F07275397A}.Debug|Any CPU.Build.0 = Debug|Any CPU
		{616A3425-4A37-47FB-8DDE-99F07275397A}.Release|Any CPU.ActiveCfg = Release|Any CPU
		{616A3425-4A37-47FB-8DDE-99F07275397A}.Release|Any CPU.Build.0 = Release|Any CPU
		{6F63C39E-7645-4591-A381-07F6E9F855A1}.Debug|Any CPU.ActiveCfg = Debug|Any CPU
		{6F63C39E-7645-4591-A381-07F6E9F855A1}.Debug|Any CPU.Build.0 = Debug|Any CPU
		{6F63C39E-7645-4591-A381-07F6E9F855A1}.Release|Any CPU.ActiveCfg = Release|Any CPU
		{6F63C39E-7645-4591-A381-07F6E9F855A1}.Release|Any CPU.Build.0 = Release|Any CPU
		{40B91E45-DD1B-4ACA-9AC9-44300A0D2CC0}.Debug|Any CPU.ActiveCfg = Debug|Any CPU
		{40B91E45-DD1B-4ACA-9AC9-44300A0D2CC0}.Debug|Any CPU.Build.0 = Debug|Any CPU
		{40B91E45-DD1B-4ACA-9AC9-44300A0D2CC0}.Release|Any CPU.ActiveCfg = Release|Any CPU
		{40B91E45-DD1B-4ACA-9AC9-44300A0D2CC0}.Release|Any CPU.Build.0 = Release|Any CPU
		{FF5FB2EC-878C-4938-BEFE-20126B95A451}.Debug|Any CPU.ActiveCfg = Debug|Any CPU
		{FF5FB2EC-878C-4938-BEFE-20126B95A451}.Debug|Any CPU.Build.0 = Debug|Any CPU
		{FF5FB2EC-878C-4938-BEFE-20126B95A451}.Release|Any CPU.ActiveCfg = Release|Any CPU
		{FF5FB2EC-878C-4938-BEFE-20126B95A451}.Release|Any CPU.Build.0 = Release|Any CPU
		{5AEB7531-2AC7-41C7-991C-7E592E2AA0EF}.Debug|Any CPU.ActiveCfg = Debug|Any CPU
		{5AEB7531-2AC7-41C7-991C-7E592E2AA0EF}.Debug|Any CPU.Build.0 = Debug|Any CPU
		{5AEB7531-2AC7-41C7-991C-7E592E2AA0EF}.Release|Any CPU.ActiveCfg = Release|Any CPU
		{5AEB7531-2AC7-41C7-991C-7E592E2AA0EF}.Release|Any CPU.Build.0 = Release|Any CPU
		{F74303BB-613B-4046-A1FB-F1D2E9366809}.Debug|Any CPU.ActiveCfg = Debug|Any CPU
		{F74303BB-613B-4046-A1FB-F1D2E9366809}.Debug|Any CPU.Build.0 = Debug|Any CPU
		{F74303BB-613B-4046-A1FB-F1D2E9366809}.Release|Any CPU.ActiveCfg = Release|Any CPU
		{F74303BB-613B-4046-A1FB-F1D2E9366809}.Release|Any CPU.Build.0 = Release|Any CPU
		{9E1CBE8D-A746-4F26-91F6-A7DB09594E28}.Debug|Any CPU.ActiveCfg = Debug|Any CPU
		{9E1CBE8D-A746-4F26-91F6-A7DB09594E28}.Debug|Any CPU.Build.0 = Debug|Any CPU
		{9E1CBE8D-A746-4F26-91F6-A7DB09594E28}.Release|Any CPU.ActiveCfg = Release|Any CPU
		{9E1CBE8D-A746-4F26-91F6-A7DB09594E28}.Release|Any CPU.Build.0 = Release|Any CPU
		{3EC2E120-F153-43E7-9B02-9D7F855828AF}.Debug|Any CPU.ActiveCfg = Debug|Any CPU
		{3EC2E120-F153-43E7-9B02-9D7F855828AF}.Debug|Any CPU.Build.0 = Debug|Any CPU
		{3EC2E120-F153-43E7-9B02-9D7F855828AF}.Release|Any CPU.ActiveCfg = Release|Any CPU
		{3EC2E120-F153-43E7-9B02-9D7F855828AF}.Release|Any CPU.Build.0 = Release|Any CPU
		{9FF97D52-C864-4D04-A5A1-E1717EE7109F}.Debug|Any CPU.ActiveCfg = Debug|Any CPU
		{9FF97D52-C864-4D04-A5A1-E1717EE7109F}.Debug|Any CPU.Build.0 = Debug|Any CPU
		{9FF97D52-C864-4D04-A5A1-E1717EE7109F}.Release|Any CPU.ActiveCfg = Release|Any CPU
		{9FF97D52-C864-4D04-A5A1-E1717EE7109F}.Release|Any CPU.Build.0 = Release|Any CPU
		{A034D5A2-E3F6-468E-87E0-A3128FFE58A0}.Debug|Any CPU.ActiveCfg = Debug|Any CPU
		{A034D5A2-E3F6-468E-87E0-A3128FFE58A0}.Debug|Any CPU.Build.0 = Debug|Any CPU
		{A034D5A2-E3F6-468E-87E0-A3128FFE58A0}.Release|Any CPU.ActiveCfg = Release|Any CPU
		{A034D5A2-E3F6-468E-87E0-A3128FFE58A0}.Release|Any CPU.Build.0 = Release|Any CPU
		{88F95809-2964-4E2A-AB61-A4108CAF0C8B}.Debug|Any CPU.ActiveCfg = Debug|Any CPU
		{88F95809-2964-4E2A-AB61-A4108CAF0C8B}.Debug|Any CPU.Build.0 = Debug|Any CPU
		{88F95809-2964-4E2A-AB61-A4108CAF0C8B}.Release|Any CPU.ActiveCfg = Release|Any CPU
		{88F95809-2964-4E2A-AB61-A4108CAF0C8B}.Release|Any CPU.Build.0 = Release|Any CPU
		{E5D9D11B-3787-4644-8733-F8CCF57B4D61}.Debug|Any CPU.ActiveCfg = Debug|Any CPU
		{E5D9D11B-3787-4644-8733-F8CCF57B4D61}.Debug|Any CPU.Build.0 = Debug|Any CPU
		{E5D9D11B-3787-4644-8733-F8CCF57B4D61}.Release|Any CPU.ActiveCfg = Release|Any CPU
		{E5D9D11B-3787-4644-8733-F8CCF57B4D61}.Release|Any CPU.Build.0 = Release|Any CPU
		{6CB5D5AB-A46C-4ED5-81EA-505641B955FE}.Debug|Any CPU.ActiveCfg = Debug|Any CPU
		{6CB5D5AB-A46C-4ED5-81EA-505641B955FE}.Debug|Any CPU.Build.0 = Debug|Any CPU
		{6CB5D5AB-A46C-4ED5-81EA-505641B955FE}.Release|Any CPU.ActiveCfg = Release|Any CPU
		{6CB5D5AB-A46C-4ED5-81EA-505641B955FE}.Release|Any CPU.Build.0 = Release|Any CPU
		{3330B278-1A5B-430E-A77C-1F93C1B2C8C5}.Debug|Any CPU.ActiveCfg = Debug|Any CPU
		{3330B278-1A5B-430E-A77C-1F93C1B2C8C5}.Debug|Any CPU.Build.0 = Debug|Any CPU
		{3330B278-1A5B-430E-A77C-1F93C1B2C8C5}.Release|Any CPU.ActiveCfg = Release|Any CPU
		{3330B278-1A5B-430E-A77C-1F93C1B2C8C5}.Release|Any CPU.Build.0 = Release|Any CPU
		{E16DDCDB-14D4-4C1C-9F3C-E6F5770AB0D1}.Debug|Any CPU.ActiveCfg = Debug|Any CPU
		{E16DDCDB-14D4-4C1C-9F3C-E6F5770AB0D1}.Debug|Any CPU.Build.0 = Debug|Any CPU
		{E16DDCDB-14D4-4C1C-9F3C-E6F5770AB0D1}.Release|Any CPU.ActiveCfg = Release|Any CPU
		{E16DDCDB-14D4-4C1C-9F3C-E6F5770AB0D1}.Release|Any CPU.Build.0 = Release|Any CPU
		{42E092D1-67BD-4222-B4B5-B1B30A78BCFA}.Debug|Any CPU.ActiveCfg = Debug|Any CPU
		{42E092D1-67BD-4222-B4B5-B1B30A78BCFA}.Debug|Any CPU.Build.0 = Debug|Any CPU
		{42E092D1-67BD-4222-B4B5-B1B30A78BCFA}.Release|Any CPU.ActiveCfg = Release|Any CPU
		{42E092D1-67BD-4222-B4B5-B1B30A78BCFA}.Release|Any CPU.Build.0 = Release|Any CPU
		{36FB6FF9-339B-4166-92B4-A9F9E59ED264}.Debug|Any CPU.ActiveCfg = Debug|Any CPU
		{36FB6FF9-339B-4166-92B4-A9F9E59ED264}.Debug|Any CPU.Build.0 = Debug|Any CPU
		{36FB6FF9-339B-4166-92B4-A9F9E59ED264}.Release|Any CPU.ActiveCfg = Release|Any CPU
		{36FB6FF9-339B-4166-92B4-A9F9E59ED264}.Release|Any CPU.Build.0 = Release|Any CPU
		{1975B7C0-B7FA-4A92-9458-A5DC8530C326}.Debug|Any CPU.ActiveCfg = Debug|Any CPU
		{1975B7C0-B7FA-4A92-9458-A5DC8530C326}.Debug|Any CPU.Build.0 = Debug|Any CPU
		{1975B7C0-B7FA-4A92-9458-A5DC8530C326}.Release|Any CPU.ActiveCfg = Release|Any CPU
		{1975B7C0-B7FA-4A92-9458-A5DC8530C326}.Release|Any CPU.Build.0 = Release|Any CPU
		{583D74A1-E134-4328-BB8A-3DAB756E17A3}.Debug|Any CPU.ActiveCfg = Debug|Any CPU
		{583D74A1-E134-4328-BB8A-3DAB756E17A3}.Debug|Any CPU.Build.0 = Debug|Any CPU
		{583D74A1-E134-4328-BB8A-3DAB756E17A3}.Release|Any CPU.ActiveCfg = Release|Any CPU
		{583D74A1-E134-4328-BB8A-3DAB756E17A3}.Release|Any CPU.Build.0 = Release|Any CPU
		{34C67487-BA17-44CC-91E8-546B2978C064}.Debug|Any CPU.ActiveCfg = Debug|Any CPU
		{34C67487-BA17-44CC-91E8-546B2978C064}.Debug|Any CPU.Build.0 = Debug|Any CPU
		{34C67487-BA17-44CC-91E8-546B2978C064}.Release|Any CPU.ActiveCfg = Release|Any CPU
		{34C67487-BA17-44CC-91E8-546B2978C064}.Release|Any CPU.Build.0 = Release|Any CPU
		{A596FE7C-81CD-454B-BF5F-798D71459786}.Debug|Any CPU.ActiveCfg = Debug|Any CPU
		{A596FE7C-81CD-454B-BF5F-798D71459786}.Debug|Any CPU.Build.0 = Debug|Any CPU
		{A596FE7C-81CD-454B-BF5F-798D71459786}.Release|Any CPU.ActiveCfg = Release|Any CPU
		{A596FE7C-81CD-454B-BF5F-798D71459786}.Release|Any CPU.Build.0 = Release|Any CPU
		{10269351-2288-4EC6-8CD7-22A73FFF6FDE}.Debug|Any CPU.ActiveCfg = Debug|Any CPU
		{10269351-2288-4EC6-8CD7-22A73FFF6FDE}.Debug|Any CPU.Build.0 = Debug|Any CPU
		{10269351-2288-4EC6-8CD7-22A73FFF6FDE}.Release|Any CPU.ActiveCfg = Release|Any CPU
		{10269351-2288-4EC6-8CD7-22A73FFF6FDE}.Release|Any CPU.Build.0 = Release|Any CPU
		{02EB1EC5-1C65-496E-9CEE-A08467DF3A52}.Debug|Any CPU.ActiveCfg = Debug|Any CPU
		{02EB1EC5-1C65-496E-9CEE-A08467DF3A52}.Debug|Any CPU.Build.0 = Debug|Any CPU
		{02EB1EC5-1C65-496E-9CEE-A08467DF3A52}.Release|Any CPU.ActiveCfg = Release|Any CPU
		{02EB1EC5-1C65-496E-9CEE-A08467DF3A52}.Release|Any CPU.Build.0 = Release|Any CPU
		{2D3754A0-45C8-4391-805A-D43288741A6A}.Debug|Any CPU.ActiveCfg = Debug|Any CPU
		{2D3754A0-45C8-4391-805A-D43288741A6A}.Debug|Any CPU.Build.0 = Debug|Any CPU
		{2D3754A0-45C8-4391-805A-D43288741A6A}.Release|Any CPU.ActiveCfg = Release|Any CPU
		{2D3754A0-45C8-4391-805A-D43288741A6A}.Release|Any CPU.Build.0 = Release|Any CPU
		{82BE0F3F-0A3F-4B16-9CC0-56ADC6673857}.Debug|Any CPU.ActiveCfg = Debug|Any CPU
		{82BE0F3F-0A3F-4B16-9CC0-56ADC6673857}.Debug|Any CPU.Build.0 = Debug|Any CPU
		{82BE0F3F-0A3F-4B16-9CC0-56ADC6673857}.Release|Any CPU.ActiveCfg = Release|Any CPU
		{82BE0F3F-0A3F-4B16-9CC0-56ADC6673857}.Release|Any CPU.Build.0 = Release|Any CPU
		{C3AF655C-BCBB-4A59-A837-93FE31668BA2}.Debug|Any CPU.ActiveCfg = Debug|Any CPU
		{C3AF655C-BCBB-4A59-A837-93FE31668BA2}.Debug|Any CPU.Build.0 = Debug|Any CPU
		{C3AF655C-BCBB-4A59-A837-93FE31668BA2}.Release|Any CPU.ActiveCfg = Release|Any CPU
		{C3AF655C-BCBB-4A59-A837-93FE31668BA2}.Release|Any CPU.Build.0 = Release|Any CPU
		{26D481A6-BBC8-45F5-BEEB-4B560997AC65}.Debug|Any CPU.ActiveCfg = Debug|Any CPU
		{26D481A6-BBC8-45F5-BEEB-4B560997AC65}.Debug|Any CPU.Build.0 = Debug|Any CPU
		{26D481A6-BBC8-45F5-BEEB-4B560997AC65}.Release|Any CPU.ActiveCfg = Release|Any CPU
		{26D481A6-BBC8-45F5-BEEB-4B560997AC65}.Release|Any CPU.Build.0 = Release|Any CPU
		{64F1FF0E-A231-4B09-8C20-48E4EE908512}.Debug|Any CPU.ActiveCfg = Debug|Any CPU
		{64F1FF0E-A231-4B09-8C20-48E4EE908512}.Debug|Any CPU.Build.0 = Debug|Any CPU
		{64F1FF0E-A231-4B09-8C20-48E4EE908512}.Release|Any CPU.ActiveCfg = Release|Any CPU
		{64F1FF0E-A231-4B09-8C20-48E4EE908512}.Release|Any CPU.Build.0 = Release|Any CPU
		{AF91E450-6D44-473D-952F-0444E0AC5ADD}.Debug|Any CPU.ActiveCfg = Debug|Any CPU
		{AF91E450-6D44-473D-952F-0444E0AC5ADD}.Debug|Any CPU.Build.0 = Debug|Any CPU
		{AF91E450-6D44-473D-952F-0444E0AC5ADD}.Release|Any CPU.ActiveCfg = Release|Any CPU
		{AF91E450-6D44-473D-952F-0444E0AC5ADD}.Release|Any CPU.Build.0 = Release|Any CPU
		{249BED3A-E1E3-47E4-A4EF-CF84922CF0E3}.Debug|Any CPU.ActiveCfg = Debug|Any CPU
		{249BED3A-E1E3-47E4-A4EF-CF84922CF0E3}.Debug|Any CPU.Build.0 = Debug|Any CPU
		{249BED3A-E1E3-47E4-A4EF-CF84922CF0E3}.Release|Any CPU.ActiveCfg = Release|Any CPU
		{249BED3A-E1E3-47E4-A4EF-CF84922CF0E3}.Release|Any CPU.Build.0 = Release|Any CPU
		{4A3626DC-0C32-4A94-9A15-FB36FBF88E79}.Debug|Any CPU.ActiveCfg = Debug|Any CPU
		{4A3626DC-0C32-4A94-9A15-FB36FBF88E79}.Debug|Any CPU.Build.0 = Debug|Any CPU
		{4A3626DC-0C32-4A94-9A15-FB36FBF88E79}.Release|Any CPU.ActiveCfg = Release|Any CPU
		{4A3626DC-0C32-4A94-9A15-FB36FBF88E79}.Release|Any CPU.Build.0 = Release|Any CPU
		{D3E640EB-2719-4354-98D5-09ADEF1B0B95}.Debug|Any CPU.ActiveCfg = Debug|Any CPU
		{D3E640EB-2719-4354-98D5-09ADEF1B0B95}.Debug|Any CPU.Build.0 = Debug|Any CPU
		{D3E640EB-2719-4354-98D5-09ADEF1B0B95}.Release|Any CPU.ActiveCfg = Release|Any CPU
		{D3E640EB-2719-4354-98D5-09ADEF1B0B95}.Release|Any CPU.Build.0 = Release|Any CPU
		{581ADE5C-BC67-408D-BBA5-2B2E30379510}.Debug|Any CPU.ActiveCfg = Debug|Any CPU
		{581ADE5C-BC67-408D-BBA5-2B2E30379510}.Debug|Any CPU.Build.0 = Debug|Any CPU
		{581ADE5C-BC67-408D-BBA5-2B2E30379510}.Release|Any CPU.ActiveCfg = Release|Any CPU
		{581ADE5C-BC67-408D-BBA5-2B2E30379510}.Release|Any CPU.Build.0 = Release|Any CPU
	EndGlobalSection
	GlobalSection(SolutionProperties) = preSolution
		HideSolutionNode = FALSE
	EndGlobalSection
EndGlobal
